PODS:
  - Crashlytics (3.8.6):
    - Fabric (~> 1.6.3)
  - Fabric (1.6.13)
  - Gloss (1.2.4)
  - MBProgressHUD (1.0.0)
  - SDWebImage (4.1.0):
    - SDWebImage/Core (= 4.1.0)
  - SDWebImage/Core (4.1.0)
  - SKRequestManager (1.0.11)

DEPENDENCIES:
  - Crashlytics
  - Fabric
  - Gloss
  - MBProgressHUD
  - SDWebImage
  - SKRequestManager

SPEC CHECKSUMS:
  Crashlytics: 95d05f4e4c19a771250c4bd9ce344d996de32bbf
  Fabric: 2fb5676bc811af011a04513451f463dac6803206
  Gloss: 4e036074610fdb993abcb958ebcd7332588e2333
  MBProgressHUD: 4890f671c94e8a0f3cf959aa731e9de2f036d71a
  SDWebImage: 0e435c14e402a6730315a0fb79f95e68654d55a4
  SKRequestManager: b897a04d5bb16dbf8fe9b1bc050ebbdff3c3e3ba

PODFILE CHECKSUM: 5465b48c9cb3d9e357727a751327687b3d417c17

COCOAPODS: 1.2.1
